{
	"name": "store",
	"version": "0.0.0",
	"lockfileVersion": 2,
	"requires": true,
	"packages": {
		"": {
			"name": "store",
			"version": "0.0.0",
			"workspaces": [
				"mp"
			],
			"devDependencies": {
				"@yuler/tsconfig": "^0.2.0"
			},
			"engines": {
				"node": ">=16"
			}
		},
		"mp": {
			"version": "0.0.0",
			"license": "MIT",
			"devDependencies": {
				"miniprogram-api-typings": "^3.4.3"
			}
		},
		"node_modules/@yuler/tsconfig": {
			"version": "0.2.0",
			"resolved": "https://registry.npmjs.org/@yuler/tsconfig/-/tsconfig-0.2.0.tgz",
			"integrity": "sha512-g6U7FQQEBMOpUhmZaDLnRospuuV/IPrE/ER0S/xCY3EmAHasXnPly+ityRAovPL3fpfXK9mqYtXnV/cOzdKhpQ==",
			"dev": true,
			"engines": {
				"node": ">=12"
			}
		},
		"node_modules/miniprogram-api-typings": {
			"version": "3.4.3",
			"resolved": "https://registry.npmjs.org/miniprogram-api-typings/-/miniprogram-api-typings-3.4.3.tgz",
			"integrity": "sha512-wdBZG2IImFjkTFv66r225455J+//gn4c7Ja99aC3mVV0AqTRl45FwAFA7ur9KZd2j+ORGtyK1ldBT49rXpVE2w==",
			"dev": true
		},
		"node_modules/mp": {
			"resolved": "mp",
			"link": true
		}
	},
	"dependencies": {
		"@yuler/tsconfig": {
			"version": "0.2.0",
			"resolved": "https://registry.npmjs.org/@yuler/tsconfig/-/tsconfig-0.2.0.tgz",
			"integrity": "sha512-g6U7FQQEBMOpUhmZaDLnRospuuV/IPrE/ER0S/xCY3EmAHasXnPly+ityRAovPL3fpfXK9mqYtXnV/cOzdKhpQ==",
			"dev": true
		},
		"miniprogram-api-typings": {
			"version": "3.4.3",
			"resolved": "https://registry.npmjs.org/miniprogram-api-typings/-/miniprogram-api-typings-3.4.3.tgz",
			"integrity": "sha512-wdBZG2IImFjkTFv66r225455J+//gn4c7Ja99aC3mVV0AqTRl45FwAFA7ur9KZd2j+ORGtyK1ldBT49rXpVE2w==",
			"dev": true
		},
		"mp": {
			"version": "file:mp",
			"requires": {
				"miniprogram-api-typings": "^3.4.3"
			}
		}
	}
}
